
Microsoft Visual Studio Solution File, Format Version 12.00
#
Project("{2150E333-8FDC-42A3-9474-1A3956D46DE8}") = "src", "src", "{5E7B9C8A-BCF8-46EB-AD7A-63A9F63B624D}"
EndProject
Project("{FAE04EC0-301F-11D3-BF4B-00C04F79EFBC}") = "Advertisement.PublicApi", "src\Advertisement.PublicApi\Advertisement.PublicApi.csproj", "{EB982784-36A3-4CCC-B4EA-22C06E764617}"
EndProject
Project("{FAE04EC0-301F-11D3-BF4B-00C04F79EFBC}") = "Advertisement.Domain", "src\Advertisement.Domain\Advertisement.Domain.csproj", "{64F2B7F7-7B93-4E0F-A481-A37F3326B079}"
EndProject
Global
	GlobalSection(SolutionConfigurationPlatforms) = preSolution
		Debug|Any CPU = Debug|Any CPU
		Release|Any CPU = Release|Any CPU
	EndGlobalSection
	GlobalSection(ProjectConfigurationPlatforms) = postSolution
		{EB982784-36A3-4CCC-B4EA-22C06E764617}.Debug|Any CPU.ActiveCfg = Debug|Any CPU
		{EB982784-36A3-4CCC-B4EA-22C06E764617}.Debug|Any CPU.Build.0 = Debug|Any CPU
		{EB982784-36A3-4CCC-B4EA-22C06E764617}.Release|Any CPU.ActiveCfg = Release|Any CPU
		{EB982784-36A3-4CCC-B4EA-22C06E764617}.Release|Any CPU.Build.0 = Release|Any CPU
		{64F2B7F7-7B93-4E0F-A481-A37F3326B079}.Debug|Any CPU.ActiveCfg = Debug|Any CPU
		{64F2B7F7-7B93-4E0F-A481-A37F3326B079}.Debug|Any CPU.Build.0 = Debug|Any CPU
		{64F2B7F7-7B93-4E0F-A481-A37F3326B079}.Release|Any CPU.ActiveCfg = Release|Any CPU
		{64F2B7F7-7B93-4E0F-A481-A37F3326B079}.Release|Any CPU.Build.0 = Release|Any CPU
	EndGlobalSection
	GlobalSection(NestedProjects) = preSolution
		{EB982784-36A3-4CCC-B4EA-22C06E764617} = {5E7B9C8A-BCF8-46EB-AD7A-63A9F63B624D}
		{64F2B7F7-7B93-4E0F-A481-A37F3326B079} = {5E7B9C8A-BCF8-46EB-AD7A-63A9F63B624D}
	EndGlobalSection
EndGlobal
